// !$*UTF8*$!
{
	archiveVersion = 1;
	classes = {
	};
	objectVersion = 50;
	objects = {

/* Begin PBXBuildFile section */
		AD1889702416042300896A8D /* SettingsViewController.swift in Sources */ = {isa = PBXBuildFile; fileRef = AD18896F2416042300896A8D /* SettingsViewController.swift */; };
		AD24392A24189DDC006C7559 /* User.swift in Sources */ = {isa = PBXBuildFile; fileRef = AD24392924189DDC006C7559 /* User.swift */; };
		AD6115CE240DAB5200B1945F /* AppDelegate.swift in Sources */ = {isa = PBXBuildFile; fileRef = AD6115CD240DAB5200B1945F /* AppDelegate.swift */; };
		AD6115D0240DAB5200B1945F /* SceneDelegate.swift in Sources */ = {isa = PBXBuildFile; fileRef = AD6115CF240DAB5200B1945F /* SceneDelegate.swift */; };
		AD6115D2240DAB5200B1945F /* HomeViewController.swift in Sources */ = {isa = PBXBuildFile; fileRef = AD6115D1240DAB5200B1945F /* HomeViewController.swift */; };
		AD6115D4240DAB5200B1945F /* TrackViewController.swift in Sources */ = {isa = PBXBuildFile; fileRef = AD6115D3240DAB5200B1945F /* TrackViewController.swift */; };
		AD6115D7240DAB5200B1945F /* Main.storyboard in Resources */ = {isa = PBXBuildFile; fileRef = AD6115D5240DAB5200B1945F /* Main.storyboard */; };
		AD6115D9240DAB5800B1945F /* Assets.xcassets in Resources */ = {isa = PBXBuildFile; fileRef = AD6115D8240DAB5800B1945F /* Assets.xcassets */; };
		AD6115DC240DAB5800B1945F /* LaunchScreen.storyboard in Resources */ = {isa = PBXBuildFile; fileRef = AD6115DA240DAB5800B1945F /* LaunchScreen.storyboard */; };
		AD6115E7240DAB5900B1945F /* PhakamadS_MilosavljevicM_HealthTrackerTests.swift in Sources */ = {isa = PBXBuildFile; fileRef = AD6115E6240DAB5900B1945F /* PhakamadS_MilosavljevicM_HealthTrackerTests.swift */; };
		AD6115F2240DAB5900B1945F /* PhakamadS_MilosavljevicM_HealthTrackerUITests.swift in Sources */ = {isa = PBXBuildFile; fileRef = AD6115F1240DAB5900B1945F /* PhakamadS_MilosavljevicM_HealthTrackerUITests.swift */; };
		AD611600240DAE2100B1945F /* ProgressViewController.swift in Sources */ = {isa = PBXBuildFile; fileRef = AD6115FF240DAE2100B1945F /* ProgressViewController.swift */; };
		AD611602240DAE7900B1945F /* FeelingsViewController.swift in Sources */ = {isa = PBXBuildFile; fileRef = AD611601240DAE7900B1945F /* FeelingsViewController.swift */; };
		AD611604240DAEC500B1945F /* TipsViewController.swift in Sources */ = {isa = PBXBuildFile; fileRef = AD611603240DAEC500B1945F /* TipsViewController.swift */; };
/* End PBXBuildFile section */

/* Begin PBXContainerItemProxy section */
		AD6115E3240DAB5900B1945F /* PBXContainerItemProxy */ = {
			isa = PBXContainerItemProxy;
			containerPortal = AD6115C2240DAB5200B1945F /* Project object */;
			proxyType = 1;
			remoteGlobalIDString = AD6115C9240DAB5200B1945F;
			remoteInfo = PhakamadS_MilosavljevicM_HealthTracker;
		};
		AD6115EE240DAB5900B1945F /* PBXContainerItemProxy */ = {
			isa = PBXContainerItemProxy;
			containerPortal = AD6115C2240DAB5200B1945F /* Project object */;
			proxyType = 1;
			remoteGlobalIDString = AD6115C9240DAB5200B1945F;
			remoteInfo = PhakamadS_MilosavljevicM_HealthTracker;
		};
/* End PBXContainerItemProxy section */

/* Begin PBXFileReference section */
		AD18896F2416042300896A8D /* SettingsViewController.swift */ = {isa = PBXFileReference; lastKnownFileType = sourcecode.swift; path = SettingsViewController.swift; sourceTree = "<group>"; };
		AD24392924189DDC006C7559 /* User.swift */ = {isa = PBXFileReference; lastKnownFileType = sourcecode.swift; path = User.swift; sourceTree = "<group>"; };
		AD6115CA240DAB5200B1945F /* PhakamadS_MilosavljevicM_HealthTracker.app */ = {isa = PBXFileReference; explicitFileType = wrapper.application; includeInIndex = 0; path = PhakamadS_MilosavljevicM_HealthTracker.app; sourceTree = BUILT_PRODUCTS_DIR; };
		AD6115CD240DAB5200B1945F /* AppDelegate.swift */ = {isa = PBXFileReference; lastKnownFileType = sourcecode.swift; path = AppDelegate.swift; sourceTree = "<group>"; };
		AD6115CF240DAB5200B1945F /* SceneDelegate.swift */ = {isa = PBXFileReference; lastKnownFileType = sourcecode.swift; path = SceneDelegate.swift; sourceTree = "<group>"; };
		AD6115D1240DAB5200B1945F /* HomeViewController.swift */ = {isa = PBXFileReference; lastKnownFileType = sourcecode.swift; path = HomeViewController.swift; sourceTree = "<group>"; };
		AD6115D3240DAB5200B1945F /* TrackViewController.swift */ = {isa = PBXFileReference; lastKnownFileType = sourcecode.swift; path = TrackViewController.swift; sourceTree = "<group>"; };
		AD6115D6240DAB5200B1945F /* Base */ = {isa = PBXFileReference; lastKnownFileType = file.storyboard; name = Base; path = Base.lproj/Main.storyboard; sourceTree = "<group>"; };
		AD6115D8240DAB5800B1945F /* Assets.xcassets */ = {isa = PBXFileReference; lastKnownFileType = folder.assetcatalog; path = Assets.xcassets; sourceTree = "<group>"; };
		AD6115DB240DAB5800B1945F /* Base */ = {isa = PBXFileReference; lastKnownFileType = file.storyboard; name = Base; path = Base.lproj/LaunchScreen.storyboard; sourceTree = "<group>"; };
		AD6115DD240DAB5800B1945F /* Info.plist */ = {isa = PBXFileReference; lastKnownFileType = text.plist.xml; path = Info.plist; sourceTree = "<group>"; };
		AD6115E2240DAB5900B1945F /* PhakamadS_MilosavljevicM_HealthTrackerTests.xctest */ = {isa = PBXFileReference; explicitFileType = wrapper.cfbundle; includeInIndex = 0; path = PhakamadS_MilosavljevicM_HealthTrackerTests.xctest; sourceTree = BUILT_PRODUCTS_DIR; };
		AD6115E6240DAB5900B1945F /* PhakamadS_MilosavljevicM_HealthTrackerTests.swift */ = {isa = PBXFileReference; lastKnownFileType = sourcecode.swift; path = PhakamadS_MilosavljevicM_HealthTrackerTests.swift; sourceTree = "<group>"; };
		AD6115E8240DAB5900B1945F /* Info.plist */ = {isa = PBXFileReference; lastKnownFileType = text.plist.xml; path = Info.plist; sourceTree = "<group>"; };
		AD6115ED240DAB5900B1945F /* PhakamadS_MilosavljevicM_HealthTrackerUITests.xctest */ = {isa = PBXFileReference; explicitFileType = wrapper.cfbundle; includeInIndex = 0; path = PhakamadS_MilosavljevicM_HealthTrackerUITests.xctest; sourceTree = BUILT_PRODUCTS_DIR; };
		AD6115F1240DAB5900B1945F /* PhakamadS_MilosavljevicM_HealthTrackerUITests.swift */ = {isa = PBXFileReference; lastKnownFileType = sourcecode.swift; path = PhakamadS_MilosavljevicM_HealthTrackerUITests.swift; sourceTree = "<group>"; };
		AD6115F3240DAB5900B1945F /* Info.plist */ = {isa = PBXFileReference; lastKnownFileType = text.plist.xml; path = Info.plist; sourceTree = "<group>"; };
		AD6115FF240DAE2100B1945F /* ProgressViewController.swift */ = {isa = PBXFileReference; lastKnownFileType = sourcecode.swift; path = ProgressViewController.swift; sourceTree = "<group>"; };
		AD611601240DAE7900B1945F /* FeelingsViewController.swift */ = {isa = PBXFileReference; lastKnownFileType = sourcecode.swift; path = FeelingsViewController.swift; sourceTree = "<group>"; };
		AD611603240DAEC500B1945F /* TipsViewController.swift */ = {isa = PBXFileReference; lastKnownFileType = sourcecode.swift; path = TipsViewController.swift; sourceTree = "<group>"; };
/* End PBXFileReference section */

/* Begin PBXFrameworksBuildPhase section */
		AD6115C7240DAB5200B1945F /* Frameworks */ = {
			isa = PBXFrameworksBuildPhase;
			buildActionMask = 2147483647;
			files = (
			);
			runOnlyForDeploymentPostprocessing = 0;
		};
		AD6115DF240DAB5900B1945F /* Frameworks */ = {
			isa = PBXFrameworksBuildPhase;
			buildActionMask = 2147483647;
			files = (
			);
			runOnlyForDeploymentPostprocessing = 0;
		};
		AD6115EA240DAB5900B1945F /* Frameworks */ = {
			isa = PBXFrameworksBuildPhase;
			buildActionMask = 2147483647;
			files = (
			);
			runOnlyForDeploymentPostprocessing = 0;
		};
/* End PBXFrameworksBuildPhase section */

/* Begin PBXGroup section */
		AD6115C1240DAB5200B1945F = {
			isa = PBXGroup;
			children = (
				AD6115CC240DAB5200B1945F /* PhakamadS_MilosavljevicM_HealthTracker */,
				AD6115E5240DAB5900B1945F /* PhakamadS_MilosavljevicM_HealthTrackerTests */,
				AD6115F0240DAB5900B1945F /* PhakamadS_MilosavljevicM_HealthTrackerUITests */,
				AD6115CB240DAB5200B1945F /* Products */,
			);
			sourceTree = "<group>";
		};
		AD6115CB240DAB5200B1945F /* Products */ = {
			isa = PBXGroup;
			children = (
				AD6115CA240DAB5200B1945F /* PhakamadS_MilosavljevicM_HealthTracker.app */,
				AD6115E2240DAB5900B1945F /* PhakamadS_MilosavljevicM_HealthTrackerTests.xctest */,
				AD6115ED240DAB5900B1945F /* PhakamadS_MilosavljevicM_HealthTrackerUITests.xctest */,
			);
			name = Products;
			sourceTree = "<group>";
		};
		AD6115CC240DAB5200B1945F /* PhakamadS_MilosavljevicM_HealthTracker */ = {
			isa = PBXGroup;
			children = (
				AD6115CD240DAB5200B1945F /* AppDelegate.swift */,
				AD6115CF240DAB5200B1945F /* SceneDelegate.swift */,
				AD6115D1240DAB5200B1945F /* HomeViewController.swift */,
				AD6115D3240DAB5200B1945F /* TrackViewController.swift */,
				AD6115FF240DAE2100B1945F /* ProgressViewController.swift */,
				AD611601240DAE7900B1945F /* FeelingsViewController.swift */,
				AD611603240DAEC500B1945F /* TipsViewController.swift */,
				AD18896F2416042300896A8D /* SettingsViewController.swift */,
				AD24392924189DDC006C7559 /* User.swift */,
				AD6115D5240DAB5200B1945F /* Main.storyboard */,
				AD6115D8240DAB5800B1945F /* Assets.xcassets */,
				AD6115DA240DAB5800B1945F /* LaunchScreen.storyboard */,
				AD6115DD240DAB5800B1945F /* Info.plist */,
			);
			path = PhakamadS_MilosavljevicM_HealthTracker;
			sourceTree = "<group>";
		};
		AD6115E5240DAB5900B1945F /* PhakamadS_MilosavljevicM_HealthTrackerTests */ = {
			isa = PBXGroup;
			children = (
				AD6115E6240DAB5900B1945F /* PhakamadS_MilosavljevicM_HealthTrackerTests.swift */,
				AD6115E8240DAB5900B1945F /* Info.plist */,
			);
			path = PhakamadS_MilosavljevicM_HealthTrackerTests;
			sourceTree = "<group>";
		};
		AD6115F0240DAB5900B1945F /* PhakamadS_MilosavljevicM_HealthTrackerUITests */ = {
			isa = PBXGroup;
			children = (
				AD6115F1240DAB5900B1945F /* PhakamadS_MilosavljevicM_HealthTrackerUITests.swift */,
				AD6115F3240DAB5900B1945F /* Info.plist */,
			);
			path = PhakamadS_MilosavljevicM_HealthTrackerUITests;
			sourceTree = "<group>";
		};
/* End PBXGroup section */

/* Begin PBXNativeTarget section */
		AD6115C9240DAB5200B1945F /* PhakamadS_MilosavljevicM_HealthTracker */ = {
			isa = PBXNativeTarget;
			buildConfigurationList = AD6115F6240DAB5900B1945F /* Build configuration list for PBXNativeTarget "PhakamadS_MilosavljevicM_HealthTracker" */;
			buildPhases = (
				AD6115C6240DAB5200B1945F /* Sources */,
				AD6115C7240DAB5200B1945F /* Frameworks */,
				AD6115C8240DAB5200B1945F /* Resources */,
			);
			buildRules = (
			);
			dependencies = (
			);
			name = PhakamadS_MilosavljevicM_HealthTracker;
			productName = PhakamadS_MilosavljevicM_HealthTracker;
			productReference = AD6115CA240DAB5200B1945F /* PhakamadS_MilosavljevicM_HealthTracker.app */;
			productType = "com.apple.product-type.application";
		};
		AD6115E1240DAB5900B1945F /* PhakamadS_MilosavljevicM_HealthTrackerTests */ = {
			isa = PBXNativeTarget;
			buildConfigurationList = AD6115F9240DAB5900B1945F /* Build configuration list for PBXNativeTarget "PhakamadS_MilosavljevicM_HealthTrackerTests" */;
			buildPhases = (
				AD6115DE240DAB5900B1945F /* Sources */,
				AD6115DF240DAB5900B1945F /* Frameworks */,
				AD6115E0240DAB5900B1945F /* Resources */,
			);
			buildRules = (
			);
			dependencies = (
				AD6115E4240DAB5900B1945F /* PBXTargetDependency */,
			);
			name = PhakamadS_MilosavljevicM_HealthTrackerTests;
			productName = PhakamadS_MilosavljevicM_HealthTrackerTests;
			productReference = AD6115E2240DAB5900B1945F /* PhakamadS_MilosavljevicM_HealthTrackerTests.xctest */;
			productType = "com.apple.product-type.bundle.unit-test";
		};
		AD6115EC240DAB5900B1945F /* PhakamadS_MilosavljevicM_HealthTrackerUITests */ = {
			isa = PBXNativeTarget;
			buildConfigurationList = AD6115FC240DAB5900B1945F /* Build configuration list for PBXNativeTarget "PhakamadS_MilosavljevicM_HealthTrackerUITests" */;
			buildPhases = (
				AD6115E9240DAB5900B1945F /* Sources */,
				AD6115EA240DAB5900B1945F /* Frameworks */,
				AD6115EB240DAB5900B1945F /* Resources */,
			);
			buildRules = (
			);
			dependencies = (
				AD6115EF240DAB5900B1945F /* PBXTargetDependency */,
			);
			name = PhakamadS_MilosavljevicM_HealthTrackerUITests;
			productName = PhakamadS_MilosavljevicM_HealthTrackerUITests;
			productReference = AD6115ED240DAB5900B1945F /* PhakamadS_MilosavljevicM_HealthTrackerUITests.xctest */;
			productType = "com.apple.product-type.bundle.ui-testing";
		};
/* End PBXNativeTarget section */

/* Begin PBXProject section */
		AD6115C2240DAB5200B1945F /* Project object */ = {
			isa = PBXProject;
			attributes = {
				LastSwiftUpdateCheck = 1130;
				LastUpgradeCheck = 1130;
				ORGANIZATIONNAME = "Marko Milosavljevic";
				TargetAttributes = {
					AD6115C9240DAB5200B1945F = {
						CreatedOnToolsVersion = 11.3.1;
					};
					AD6115E1240DAB5900B1945F = {
						CreatedOnToolsVersion = 11.3.1;
						TestTargetID = AD6115C9240DAB5200B1945F;
					};
					AD6115EC240DAB5900B1945F = {
						CreatedOnToolsVersion = 11.3.1;
						TestTargetID = AD6115C9240DAB5200B1945F;
					};
				};
			};
			buildConfigurationList = AD6115C5240DAB5200B1945F /* Build configuration list for PBXProject "PhakamadS_MilosavljevicM_HealthTracker" */;
			compatibilityVersion = "Xcode 9.3";
			developmentRegion = en;
			hasScannedForEncodings = 0;
			knownRegions = (
				en,
				Base,
			);
			mainGroup = AD6115C1240DAB5200B1945F;
			productRefGroup = AD6115CB240DAB5200B1945F /* Products */;
			projectDirPath = "";
			projectRoot = "";
			targets = (
				AD6115C9240DAB5200B1945F /* PhakamadS_MilosavljevicM_HealthTracker */,
				AD6115E1240DAB5900B1945F /* PhakamadS_MilosavljevicM_HealthTrackerTests */,
				AD6115EC240DAB5900B1945F /* PhakamadS_MilosavljevicM_HealthTrackerUITests */,
			);
		};
/* End PBXProject section */

/* Begin PBXResourcesBuildPhase section */
		AD6115C8240DAB5200B1945F /* Resources */ = {
			isa = PBXResourcesBuildPhase;
			buildActionMask = 2147483647;
			files = (
				AD6115DC240DAB5800B1945F /* LaunchScreen.storyboard in Resources */,
				AD6115D9240DAB5800B1945F /* Assets.xcassets in Resources */,
				AD6115D7240DAB5200B1945F /* Main.storyboard in Resources */,
			);
			runOnlyForDeploymentPostprocessing = 0;
		};
		AD6115E0240DAB5900B1945F /* Resources */ = {
			isa = PBXResourcesBuildPhase;
			buildActionMask = 2147483647;
			files = (
			);
			runOnlyForDeploymentPostprocessing = 0;
		};
		AD6115EB240DAB5900B1945F /* Resources */ = {
			isa = PBXResourcesBuildPhase;
			buildActionMask = 2147483647;
			files = (
			);
			runOnlyForDeploymentPostprocessing = 0;
		};
/* End PBXResourcesBuildPhase section */

/* Begin PBXSourcesBuildPhase section */
		AD6115C6240DAB5200B1945F /* Sources */ = {
			isa = PBXSourcesBuildPhase;
			buildActionMask = 2147483647;
			files = (
				AD611600240DAE2100B1945F /* ProgressViewController.swift in Sources */,
				AD611602240DAE7900B1945F /* FeelingsViewController.swift in Sources */,
				AD611604240DAEC500B1945F /* TipsViewController.swift in Sources */,
				AD6115D4240DAB5200B1945F /* TrackViewController.swift in Sources */,
				AD6115D2240DAB5200B1945F /* HomeViewController.swift in Sources */,
				AD24392A24189DDC006C7559 /* User.swift in Sources */,
				AD6115CE240DAB5200B1945F /* AppDelegate.swift in Sources */,
				AD6115D0240DAB5200B1945F /* SceneDelegate.swift in Sources */,
				AD1889702416042300896A8D /* SettingsViewController.swift in Sources */,
			);
			runOnlyForDeploymentPostprocessing = 0;
		};
		AD6115DE240DAB5900B1945F /* Sources */ = {
			isa = PBXSourcesBuildPhase;
			buildActionMask = 2147483647;
			files = (
				AD6115E7240DAB5900B1945F /* PhakamadS_MilosavljevicM_HealthTrackerTests.swift in Sources */,
			);
			runOnlyForDeploymentPostprocessing = 0;
		};
		AD6115E9240DAB5900B1945F /* Sources */ = {
			isa = PBXSourcesBuildPhase;
			buildActionMask = 2147483647;
			files = (
				AD6115F2240DAB5900B1945F /* PhakamadS_MilosavljevicM_HealthTrackerUITests.swift in Sources */,
			);
			runOnlyForDeploymentPostprocessing = 0;
		};
/* End PBXSourcesBuildPhase section */

/* Begin PBXTargetDependency section */
		AD6115E4240DAB5900B1945F /* PBXTargetDependency */ = {
			isa = PBXTargetDependency;
			target = AD6115C9240DAB5200B1945F /* PhakamadS_MilosavljevicM_HealthTracker */;
			targetProxy = AD6115E3240DAB5900B1945F /* PBXContainerItemProxy */;
		};
		AD6115EF240DAB5900B1945F /* PBXTargetDependency */ = {
			isa = PBXTargetDependency;
			target = AD6115C9240DAB5200B1945F /* PhakamadS_MilosavljevicM_HealthTracker */;
			targetProxy = AD6115EE240DAB5900B1945F /* PBXContainerItemProxy */;
		};
/* End PBXTargetDependency section */

/* Begin PBXVariantGroup section */
		AD6115D5240DAB5200B1945F /* Main.storyboard */ = {
			isa = PBXVariantGroup;
			children = (
				AD6115D6240DAB5200B1945F /* Base */,
			);
			name = Main.storyboard;
			sourceTree = "<group>";
		};
		AD6115DA240DAB5800B1945F /* LaunchScreen.storyboard */ = {
			isa = PBXVariantGroup;
			children = (
				AD6115DB240DAB5800B1945F /* Base */,
			);
			name = LaunchScreen.storyboard;
			sourceTree = "<group>";
		};
/* End PBXVariantGroup section */

/* Begin XCBuildConfiguration section */
		AD6115F4240DAB5900B1945F /* Debug */ = {
			isa = XCBuildConfiguration;
			buildSettings = {
				ALWAYS_SEARCH_USER_PATHS = NO;
				CLANG_ANALYZER_NONNULL = YES;
				CLANG_ANALYZER_NUMBER_OBJECT_CONVERSION = YES_AGGRESSIVE;
				CLANG_CXX_LANGUAGE_STANDARD = "gnu++14";
				CLANG_CXX_LIBRARY = "libc++";
				CLANG_ENABLE_MODULES = YES;
				CLANG_ENABLE_OBJC_ARC = YES;
				CLANG_ENABLE_OBJC_WEAK = YES;
				CLANG_WARN_BLOCK_CAPTURE_AUTORELEASING = YES;
				CLANG_WARN_BOOL_CONVERSION = YES;
				CLANG_WARN_COMMA = YES;
				CLANG_WARN_CONSTANT_CONVERSION = YES;
				CLANG_WARN_DEPRECATED_OBJC_IMPLEMENTATIONS = YES;
				CLANG_WARN_DIRECT_OBJC_ISA_USAGE = YES_ERROR;
				CLANG_WARN_DOCUMENTATION_COMMENTS = YES;
				CLANG_WARN_EMPTY_BODY = YES;
				CLANG_WARN_ENUM_CONVERSION = YES;
				CLANG_WARN_INFINITE_RECURSION = YES;
				CLANG_WARN_INT_CONVERSION = YES;
				CLANG_WARN_NON_LITERAL_NULL_CONVERSION = YES;
				CLANG_WARN_OBJC_IMPLICIT_RETAIN_SELF = YES;
				CLANG_WARN_OBJC_LITERAL_CONVERSION = YES;
				CLANG_WARN_OBJC_ROOT_CLASS = YES_ERROR;
				CLANG_WARN_RANGE_LOOP_ANALYSIS = YES;
				CLANG_WARN_STRICT_PROTOTYPES = YES;
				CLANG_WARN_SUSPICIOUS_MOVE = YES;
				CLANG_WARN_UNGUARDED_AVAILABILITY = YES_AGGRESSIVE;
				CLANG_WARN_UNREACHABLE_CODE = YES;
				CLANG_WARN__DUPLICATE_METHOD_MATCH = YES;
				COPY_PHASE_STRIP = NO;
				DEBUG_INFORMATION_FORMAT = dwarf;
				ENABLE_STRICT_OBJC_MSGSEND = YES;
				ENABLE_TESTABILITY = YES;
				GCC_C_LANGUAGE_STANDARD = gnu11;
				GCC_DYNAMIC_NO_PIC = NO;
				GCC_NO_COMMON_BLOCKS = YES;
				GCC_OPTIMIZATION_LEVEL = 0;
				GCC_PREPROCESSOR_DEFINITIONS = (
					"DEBUG=1",
					"$(inherited)",
				);
				GCC_WARN_64_TO_32_BIT_CONVERSION = YES;
				GCC_WARN_ABOUT_RETURN_TYPE = YES_ERROR;
				GCC_WARN_UNDECLARED_SELECTOR = YES;
				GCC_WARN_UNINITIALIZED_AUTOS = YES_AGGRESSIVE;
				GCC_WARN_UNUSED_FUNCTION = YES;
				GCC_WARN_UNUSED_VARIABLE = YES;
				IPHONEOS_DEPLOYMENT_TARGET = 13.2;
				MTL_ENABLE_DEBUG_INFO = INCLUDE_SOURCE;
				MTL_FAST_MATH = YES;
				ONLY_ACTIVE_ARCH = YES;
				SDKROOT = iphoneos;
				SWIFT_ACTIVE_COMPILATION_CONDITIONS = DEBUG;
				SWIFT_OPTIMIZATION_LEVEL = "-Onone";
			};
			name = Debug;
		};
		AD6115F5240DAB5900B1945F /* Release */ = {
			isa = XCBuildConfiguration;
			buildSettings = {
				ALWAYS_SEARCH_USER_PATHS = NO;
				CLANG_ANALYZER_NONNULL = YES;
				CLANG_ANALYZER_NUMBER_OBJECT_CONVERSION = YES_AGGRESSIVE;
				CLANG_CXX_LANGUAGE_STANDARD = "gnu++14";
				CLANG_CXX_LIBRARY = "libc++";
				CLANG_ENABLE_MODULES = YES;
				CLANG_ENABLE_OBJC_ARC = YES;
				CLANG_ENABLE_OBJC_WEAK = YES;
				CLANG_WARN_BLOCK_CAPTURE_AUTORELEASING = YES;
				CLANG_WARN_BOOL_CONVERSION = YES;
				CLANG_WARN_COMMA = YES;
				CLANG_WARN_CONSTANT_CONVERSION = YES;
				CLANG_WARN_DEPRECATED_OBJC_IMPLEMENTATIONS = YES;
				CLANG_WARN_DIRECT_OBJC_ISA_USAGE = YES_ERROR;
				CLANG_WARN_DOCUMENTATION_COMMENTS = YES;
				CLANG_WARN_EMPTY_BODY = YES;
				CLANG_WARN_ENUM_CONVERSION = YES;
				CLANG_WARN_INFINITE_RECURSION = YES;
				CLANG_WARN_INT_CONVERSION = YES;
				CLANG_WARN_NON_LITERAL_NULL_CONVERSION = YES;
				CLANG_WARN_OBJC_IMPLICIT_RETAIN_SELF = YES;
				CLANG_WARN_OBJC_LITERAL_CONVERSION = YES;
				CLANG_WARN_OBJC_ROOT_CLASS = YES_ERROR;
				CLANG_WARN_RANGE_LOOP_ANALYSIS = YES;
				CLANG_WARN_STRICT_PROTOTYPES = YES;
				CLANG_WARN_SUSPICIOUS_MOVE = YES;
				CLANG_WARN_UNGUARDED_AVAILABILITY = YES_AGGRESSIVE;
				CLANG_WARN_UNREACHABLE_CODE = YES;
				CLANG_WARN__DUPLICATE_METHOD_MATCH = YES;
				COPY_PHASE_STRIP = NO;
				DEBUG_INFORMATION_FORMAT = "dwarf-with-dsym";
				ENABLE_NS_ASSERTIONS = NO;
				ENABLE_STRICT_OBJC_MSGSEND = YES;
				GCC_C_LANGUAGE_STANDARD = gnu11;
				GCC_NO_COMMON_BLOCKS = YES;
				GCC_WARN_64_TO_32_BIT_CONVERSION = YES;
				GCC_WARN_ABOUT_RETURN_TYPE = YES_ERROR;
				GCC_WARN_UNDECLARED_SELECTOR = YES;
				GCC_WARN_UNINITIALIZED_AUTOS = YES_AGGRESSIVE;
				GCC_WARN_UNUSED_FUNCTION = YES;
				GCC_WARN_UNUSED_VARIABLE = YES;
				IPHONEOS_DEPLOYMENT_TARGET = 13.2;
				MTL_ENABLE_DEBUG_INFO = NO;
				MTL_FAST_MATH = YES;
				SDKROOT = iphoneos;
				SWIFT_COMPILATION_MODE = wholemodule;
				SWIFT_OPTIMIZATION_LEVEL = "-O";
				VALIDATE_PRODUCT = YES;
			};
			name = Release;
		};
		AD6115F7240DAB5900B1945F /* Debug */ = {
			isa = XCBuildConfiguration;
			buildSettings = {
				ASSETCATALOG_COMPILER_APPICON_NAME = AppIcon;
				CODE_SIGN_STYLE = Automatic;
				INFOPLIST_FILE = PhakamadS_MilosavljevicM_HealthTracker/Info.plist;
				LD_RUNPATH_SEARCH_PATHS = (
					"$(inherited)",
					"@executable_path/Frameworks",
				);
				PRODUCT_BUNDLE_IDENTIFIER = "DePaulUniversity.PhakamadS-MilosavljevicM-HealthTracker";
				PRODUCT_NAME = "$(TARGET_NAME)";
				SWIFT_VERSION = 5.0;
				TARGETED_DEVICE_FAMILY = "1,2";
			};
			name = Debug;
		};
		AD6115F8240DAB5900B1945F /* Release */ = {
			isa = XCBuildConfiguration;
			buildSettings = {
				ASSETCATALOG_COMPILER_APPICON_NAME = AppIcon;
				CODE_SIGN_STYLE = Automatic;
				INFOPLIST_FILE = PhakamadS_MilosavljevicM_HealthTracker/Info.plist;
				LD_RUNPATH_SEARCH_PATHS = (
					"$(inherited)",
					"@executable_path/Frameworks",
				);
				PRODUCT_BUNDLE_IDENTIFIER = "DePaulUniversity.PhakamadS-MilosavljevicM-HealthTracker";
				PRODUCT_NAME = "$(TARGET_NAME)";
				SWIFT_VERSION = 5.0;
				TARGETED_DEVICE_FAMILY = "1,2";
			};
			name = Release;
		};
		AD6115FA240DAB5900B1945F /* Debug */ = {
			isa = XCBuildConfiguration;
			buildSettings = {
				ALWAYS_EMBED_SWIFT_STANDARD_LIBRARIES = YES;
				BUNDLE_LOADER = "$(TEST_HOST)";
				CODE_SIGN_STYLE = Automatic;
				INFOPLIST_FILE = PhakamadS_MilosavljevicM_HealthTrackerTests/Info.plist;
				IPHONEOS_DEPLOYMENT_TARGET = 13.2;
				LD_RUNPATH_SEARCH_PATHS = (
					"$(inherited)",
					"@executable_path/Frameworks",
					"@loader_path/Frameworks",
				);
				PRODUCT_BUNDLE_IDENTIFIER = "DePaulUniversity.PhakamadS-MilosavljevicM-HealthTrackerTests";
				PRODUCT_NAME = "$(TARGET_NAME)";
				SWIFT_VERSION = 5.0;
				TARGETED_DEVICE_FAMILY = "1,2";
				TEST_HOST = "$(BUILT_PRODUCTS_DIR)/PhakamadS_MilosavljevicM_HealthTracker.app/PhakamadS_MilosavljevicM_HealthTracker";
			};
			name = Debug;
		};
		AD6115FB240DAB5900B1945F /* Release */ = {
			isa = XCBuildConfiguration;
			buildSettings = {
				ALWAYS_EMBED_SWIFT_STANDARD_LIBRARIES = YES;
				BUNDLE_LOADER = "$(TEST_HOST)";
				CODE_SIGN_STYLE = Automatic;
				INFOPLIST_FILE = PhakamadS_MilosavljevicM_HealthTrackerTests/Info.plist;
				IPHONEOS_DEPLOYMENT_TARGET = 13.2;
				LD_RUNPATH_SEARCH_PATHS = (
					"$(inherited)",
					"@executable_path/Frameworks",
					"@loader_path/Frameworks",
				);
				PRODUCT_BUNDLE_IDENTIFIER = "DePaulUniversity.PhakamadS-MilosavljevicM-HealthTrackerTests";
				PRODUCT_NAME = "$(TARGET_NAME)";
				SWIFT_VERSION = 5.0;
				TARGETED_DEVICE_FAMILY = "1,2";
				TEST_HOST = "$(BUILT_PRODUCTS_DIR)/PhakamadS_MilosavljevicM_HealthTracker.app/PhakamadS_MilosavljevicM_HealthTracker";
			};
			name = Release;
		};
		AD6115FD240DAB5900B1945F /* Debug */ = {
			isa = XCBuildConfiguration;
			buildSettings = {
				ALWAYS_EMBED_SWIFT_STANDARD_LIBRARIES = YES;
				CODE_SIGN_STYLE = Automatic;
				INFOPLIST_FILE = PhakamadS_MilosavljevicM_HealthTrackerUITests/Info.plist;
				LD_RUNPATH_SEARCH_PATHS = (
					"$(inherited)",
					"@executable_path/Frameworks",
					"@loader_path/Frameworks",
				);
				PRODUCT_BUNDLE_IDENTIFIER = "DePaulUniversity.PhakamadS-MilosavljevicM-HealthTrackerUITests";
				PRODUCT_NAME = "$(TARGET_NAME)";
				SWIFT_VERSION = 5.0;
				TARGETED_DEVICE_FAMILY = "1,2";
				TEST_TARGET_NAME = PhakamadS_MilosavljevicM_HealthTracker;
			};
			name = Debug;
		};
		AD6115FE240DAB5900B1945F /* Release */ = {
			isa = XCBuildConfiguration;
			buildSettings = {
				ALWAYS_EMBED_SWIFT_STANDARD_LIBRARIES = YES;
				CODE_SIGN_STYLE = Automatic;
				INFOPLIST_FILE = PhakamadS_MilosavljevicM_HealthTrackerUITests/Info.plist;
				LD_RUNPATH_SEARCH_PATHS = (
					"$(inherited)",
					"@executable_path/Frameworks",
					"@loader_path/Frameworks",
				);
				PRODUCT_BUNDLE_IDENTIFIER = "DePaulUniversity.PhakamadS-MilosavljevicM-HealthTrackerUITests";
				PRODUCT_NAME = "$(TARGET_NAME)";
				SWIFT_VERSION = 5.0;
				TARGETED_DEVICE_FAMILY = "1,2";
				TEST_TARGET_NAME = PhakamadS_MilosavljevicM_HealthTracker;
			};
			name = Release;
		};
/* End XCBuildConfiguration section */

/* Begin XCConfigurationList section */
		AD6115C5240DAB5200B1945F /* Build configuration list for PBXProject "PhakamadS_MilosavljevicM_HealthTracker" */ = {
			isa = XCConfigurationList;
			buildConfigurations = (
				AD6115F4240DAB5900B1945F /* Debug */,
				AD6115F5240DAB5900B1945F /* Release */,
			);
			defaultConfigurationIsVisible = 0;
			defaultConfigurationName = Release;
		};
		AD6115F6240DAB5900B1945F /* Build configuration list for PBXNativeTarget "PhakamadS_MilosavljevicM_HealthTracker" */ = {
			isa = XCConfigurationList;
			buildConfigurations = (
				AD6115F7240DAB5900B1945F /* Debug */,
				AD6115F8240DAB5900B1945F /* Release */,
			);
			defaultConfigurationIsVisible = 0;
			defaultConfigurationName = Release;
		};
		AD6115F9240DAB5900B1945F /* Build configuration list for PBXNativeTarget "PhakamadS_MilosavljevicM_HealthTrackerTests" */ = {
			isa = XCConfigurationList;
			buildConfigurations = (
				AD6115FA240DAB5900B1945F /* Debug */,
				AD6115FB240DAB5900B1945F /* Release */,
			);
			defaultConfigurationIsVisible = 0;
			defaultConfigurationName = Release;
		};
		AD6115FC240DAB5900B1945F /* Build configuration list for PBXNativeTarget "PhakamadS_MilosavljevicM_HealthTrackerUITests" */ = {
			isa = XCConfigurationList;
			buildConfigurations = (
				AD6115FD240DAB5900B1945F /* Debug */,
				AD6115FE240DAB5900B1945F /* Release */,
			);
			defaultConfigurationIsVisible = 0;
			defaultConfigurationName = Release;
		};
/* End XCConfigurationList section */
	};
	rootObject = AD6115C2240DAB5200B1945F /* Project object */;
}
